// !$*UTF8*$!
{
	archiveVersion = 1;
	classes = {
	};
	objectVersion = 55;
	objects = {

/* Begin PBXBuildFile section */
		E978FC41291EA43500F17A74 /* AppDelegate.swift in Sources */ = {isa = PBXBuildFile; fileRef = E978FC40291EA43500F17A74 /* AppDelegate.swift */; };
		E978FC43291EA43500F17A74 /* SceneDelegate.swift in Sources */ = {isa = PBXBuildFile; fileRef = E978FC42291EA43500F17A74 /* SceneDelegate.swift */; };
		E978FC45291EA43500F17A74 /* ViewController.swift in Sources */ = {isa = PBXBuildFile; fileRef = E978FC44291EA43500F17A74 /* ViewController.swift */; };
		E978FC48291EA43500F17A74 /* Main.storyboard in Resources */ = {isa = PBXBuildFile; fileRef = E978FC46291EA43500F17A74 /* Main.storyboard */; };
		E978FC4A291EA43800F17A74 /* Assets.xcassets in Resources */ = {isa = PBXBuildFile; fileRef = E978FC49291EA43800F17A74 /* Assets.xcassets */; };
		E978FC4D291EA43800F17A74 /* LaunchScreen.storyboard in Resources */ = {isa = PBXBuildFile; fileRef = E978FC4B291EA43800F17A74 /* LaunchScreen.storyboard */; };
		E978FC58291EA43800F17A74 /* LightTests.swift in Sources */ = {isa = PBXBuildFile; fileRef = E978FC57291EA43800F17A74 /* LightTests.swift */; };
		E978FC62291EA43800F17A74 /* LightUITests.swift in Sources */ = {isa = PBXBuildFile; fileRef = E978FC61291EA43800F17A74 /* LightUITests.swift */; };
		E978FC64291EA43800F17A74 /* LightUITestsLaunchTests.swift in Sources */ = {isa = PBXBuildFile; fileRef = E978FC63291EA43800F17A74 /* LightUITestsLaunchTests.swift */; };
/* End PBXBuildFile section */

/* Begin PBXContainerItemProxy section */
		E978FC54291EA43800F17A74 /* PBXContainerItemProxy */ = {
			isa = PBXContainerItemProxy;
			containerPortal = E978FC35291EA43500F17A74 /* Project object */;
			proxyType = 1;
			remoteGlobalIDString = E978FC3C291EA43500F17A74;
			remoteInfo = Light;
		};
		E978FC5E291EA43800F17A74 /* PBXContainerItemProxy */ = {
			isa = PBXContainerItemProxy;
			containerPortal = E978FC35291EA43500F17A74 /* Project object */;
			proxyType = 1;
			remoteGlobalIDString = E978FC3C291EA43500F17A74;
			remoteInfo = Light;
		};
/* End PBXContainerItemProxy section */

/* Begin PBXFileReference section */
		E978FC3D291EA43500F17A74 /* Light.app */ = {isa = PBXFileReference; explicitFileType = wrapper.application; includeInIndex = 0; path = Light.app; sourceTree = BUILT_PRODUCTS_DIR; };
		E978FC40291EA43500F17A74 /* AppDelegate.swift */ = {isa = PBXFileReference; lastKnownFileType = sourcecode.swift; path = AppDelegate.swift; sourceTree = "<group>"; };
		E978FC42291EA43500F17A74 /* SceneDelegate.swift */ = {isa = PBXFileReference; lastKnownFileType = sourcecode.swift; path = SceneDelegate.swift; sourceTree = "<group>"; };
		E978FC44291EA43500F17A74 /* ViewController.swift */ = {isa = PBXFileReference; lastKnownFileType = sourcecode.swift; path = ViewController.swift; sourceTree = "<group>"; };
		E978FC47291EA43500F17A74 /* Base */ = {isa = PBXFileReference; lastKnownFileType = file.storyboard; name = Base; path = Base.lproj/Main.storyboard; sourceTree = "<group>"; };
		E978FC49291EA43800F17A74 /* Assets.xcassets */ = {isa = PBXFileReference; lastKnownFileType = folder.assetcatalog; path = Assets.xcassets; sourceTree = "<group>"; };
		E978FC4C291EA43800F17A74 /* Base */ = {isa = PBXFileReference; lastKnownFileType = file.storyboard; name = Base; path = Base.lproj/LaunchScreen.storyboard; sourceTree = "<group>"; };
		E978FC4E291EA43800F17A74 /* Info.plist */ = {isa = PBXFileReference; lastKnownFileType = text.plist.xml; path = Info.plist; sourceTree = "<group>"; };
		E978FC53291EA43800F17A74 /* LightTests.xctest */ = {isa = PBXFileReference; explicitFileType = wrapper.cfbundle; includeInIndex = 0; path = LightTests.xctest; sourceTree = BUILT_PRODUCTS_DIR; };
		E978FC57291EA43800F17A74 /* LightTests.swift */ = {isa = PBXFileReference; lastKnownFileType = sourcecode.swift; path = LightTests.swift; sourceTree = "<group>"; };
		E978FC5D291EA43800F17A74 /* LightUITests.xctest */ = {isa = PBXFileReference; explicitFileType = wrapper.cfbundle; includeInIndex = 0; path = LightUITests.xctest; sourceTree = BUILT_PRODUCTS_DIR; };
		E978FC61291EA43800F17A74 /* LightUITests.swift */ = {isa = PBXFileReference; lastKnownFileType = sourcecode.swift; path = LightUITests.swift; sourceTree = "<group>"; };
		E978FC63291EA43800F17A74 /* LightUITestsLaunchTests.swift */ = {isa = PBXFileReference; lastKnownFileType = sourcecode.swift; path = LightUITestsLaunchTests.swift; sourceTree = "<group>"; };
/* End PBXFileReference section */

/* Begin PBXFrameworksBuildPhase section */
		E978FC3A291EA43500F17A74 /* Frameworks */ = {
			isa = PBXFrameworksBuildPhase;
			buildActionMask = 2147483647;
			files = (
			);
			runOnlyForDeploymentPostprocessing = 0;
		};
		E978FC50291EA43800F17A74 /* Frameworks */ = {
			isa = PBXFrameworksBuildPhase;
			buildActionMask = 2147483647;
			files = (
			);
			runOnlyForDeploymentPostprocessing = 0;
		};
		E978FC5A291EA43800F17A74 /* Frameworks */ = {
			isa = PBXFrameworksBuildPhase;
			buildActionMask = 2147483647;
			files = (
			);
			runOnlyForDeploymentPostprocessing = 0;
		};
/* End PBXFrameworksBuildPhase section */

/* Begin PBXGroup section */
		E978FC34291EA43500F17A74 = {
			isa = PBXGroup;
			children = (
				E978FC3F291EA43500F17A74 /* Light */,
				E978FC56291EA43800F17A74 /* LightTests */,
				E978FC60291EA43800F17A74 /* LightUITests */,
				E978FC3E291EA43500F17A74 /* Products */,
			);
			sourceTree = "<group>";
		};
		E978FC3E291EA43500F17A74 /* Products */ = {
			isa = PBXGroup;
			children = (
				E978FC3D291EA43500F17A74 /* Light.app */,
				E978FC53291EA43800F17A74 /* LightTests.xctest */,
				E978FC5D291EA43800F17A74 /* LightUITests.xctest */,
			);
			name = Products;
			sourceTree = "<group>";
		};
		E978FC3F291EA43500F17A74 /* Light */ = {
			isa = PBXGroup;
			children = (
				E978FC40291EA43500F17A74 /* AppDelegate.swift */,
				E978FC42291EA43500F17A74 /* SceneDelegate.swift */,
				E978FC44291EA43500F17A74 /* ViewController.swift */,
				E978FC46291EA43500F17A74 /* Main.storyboard */,
				E978FC49291EA43800F17A74 /* Assets.xcassets */,
				E978FC4B291EA43800F17A74 /* LaunchScreen.storyboard */,
				E978FC4E291EA43800F17A74 /* Info.plist */,
			);
			path = Light;
			sourceTree = "<group>";
		};
		E978FC56291EA43800F17A74 /* LightTests */ = {
			isa = PBXGroup;
			children = (
				E978FC57291EA43800F17A74 /* LightTests.swift */,
			);
			path = LightTests;
			sourceTree = "<group>";
		};
		E978FC60291EA43800F17A74 /* LightUITests */ = {
			isa = PBXGroup;
			children = (
				E978FC61291EA43800F17A74 /* LightUITests.swift */,
				E978FC63291EA43800F17A74 /* LightUITestsLaunchTests.swift */,
			);
			path = LightUITests;
			sourceTree = "<group>";
		};
/* End PBXGroup section */

/* Begin PBXNativeTarget section */
		E978FC3C291EA43500F17A74 /* Light */ = {
			isa = PBXNativeTarget;
			buildConfigurationList = E978FC67291EA43800F17A74 /* Build configuration list for PBXNativeTarget "Light" */;
			buildPhases = (
				E978FC39291EA43500F17A74 /* Sources */,
				E978FC3A291EA43500F17A74 /* Frameworks */,
				E978FC3B291EA43500F17A74 /* Resources */,
			);
			buildRules = (
			);
			dependencies = (
			);
			name = Light;
			productName = Light;
			productReference = E978FC3D291EA43500F17A74 /* Light.app */;
			productType = "com.apple.product-type.application";
		};
		E978FC52291EA43800F17A74 /* LightTests */ = {
			isa = PBXNativeTarget;
			buildConfigurationList = E978FC6A291EA43800F17A74 /* Build configuration list for PBXNativeTarget "LightTests" */;
			buildPhases = (
				E978FC4F291EA43800F17A74 /* Sources */,
				E978FC50291EA43800F17A74 /* Frameworks */,
				E978FC51291EA43800F17A74 /* Resources */,
			);
			buildRules = (
			);
			dependencies = (
				E978FC55291EA43800F17A74 /* PBXTargetDependency */,
			);
			name = LightTests;
			productName = LightTests;
			productReference = E978FC53291EA43800F17A74 /* LightTests.xctest */;
			productType = "com.apple.product-type.bundle.unit-test";
		};
		E978FC5C291EA43800F17A74 /* LightUITests */ = {
			isa = PBXNativeTarget;
			buildConfigurationList = E978FC6D291EA43800F17A74 /* Build configuration list for PBXNativeTarget "LightUITests" */;
			buildPhases = (
				E978FC59291EA43800F17A74 /* Sources */,
				E978FC5A291EA43800F17A74 /* Frameworks */,
				E978FC5B291EA43800F17A74 /* Resources */,
			);
			buildRules = (
			);
			dependencies = (
				E978FC5F291EA43800F17A74 /* PBXTargetDependency */,
			);
			name = LightUITests;
			productName = LightUITests;
			productReference = E978FC5D291EA43800F17A74 /* LightUITests.xctest */;
			productType = "com.apple.product-type.bundle.ui-testing";
		};
/* End PBXNativeTarget section */

/* Begin PBXProject section */
		E978FC35291EA43500F17A74 /* Project object */ = {
			isa = PBXProject;
			attributes = {
				BuildIndependentTargetsInParallel = 1;
				LastSwiftUpdateCheck = 1340;
				LastUpgradeCheck = 1340;
				TargetAttributes = {
					E978FC3C291EA43500F17A74 = {
						CreatedOnToolsVersion = 13.4;
					};
					E978FC52291EA43800F17A74 = {
						CreatedOnToolsVersion = 13.4;
						TestTargetID = E978FC3C291EA43500F17A74;
					};
					E978FC5C291EA43800F17A74 = {
						CreatedOnToolsVersion = 13.4;
						TestTargetID = E978FC3C291EA43500F17A74;
					};
				};
			};
			buildConfigurationList = E978FC38291EA43500F17A74 /* Build configuration list for PBXProject "Light" */;
			compatibilityVersion = "Xcode 13.0";
			developmentRegion = en;
			hasScannedForEncodings = 0;
			knownRegions = (
				en,
				Base,
			);
			mainGroup = E978FC34291EA43500F17A74;
			productRefGroup = E978FC3E291EA43500F17A74 /* Products */;
			projectDirPath = "";
			projectRoot = "";
			targets = (
				E978FC3C291EA43500F17A74 /* Light */,
				E978FC52291EA43800F17A74 /* LightTests */,
				E978FC5C291EA43800F17A74 /* LightUITests */,
			);
		};
/* End PBXProject section */

/* Begin PBXResourcesBuildPhase section */
		E978FC3B291EA43500F17A74 /* Resources */ = {
			isa = PBXResourcesBuildPhase;
			buildActionMask = 2147483647;
			files = (
				E978FC4D291EA43800F17A74 /* LaunchScreen.storyboard in Resources */,
				E978FC4A291EA43800F17A74 /* Assets.xcassets in Resources */,
				E978FC48291EA43500F17A74 /* Main.storyboard in Resources */,
			);
			runOnlyForDeploymentPostprocessing = 0;
		};
		E978FC51291EA43800F17A74 /* Resources */ = {
			isa = PBXResourcesBuildPhase;
			buildActionMask = 2147483647;
			files = (
			);
			runOnlyForDeploymentPostprocessing = 0;
		};
		E978FC5B291EA43800F17A74 /* Resources */ = {
			isa = PBXResourcesBuildPhase;
			buildActionMask = 2147483647;
			files = (
			);
			runOnlyForDeploymentPostprocessing = 0;
		};
/* End PBXResourcesBuildPhase section */

/* Begin PBXSourcesBuildPhase section */
		E978FC39291EA43500F17A74 /* Sources */ = {
			isa = PBXSourcesBuildPhase;
			buildActionMask = 2147483647;
			files = (
				E978FC45291EA43500F17A74 /* ViewController.swift in Sources */,
				E978FC41291EA43500F17A74 /* AppDelegate.swift in Sources */,
				E978FC43291EA43500F17A74 /* SceneDelegate.swift in Sources */,
			);
			runOnlyForDeploymentPostprocessing = 0;
		};
		E978FC4F291EA43800F17A74 /* Sources */ = {
			isa = PBXSourcesBuildPhase;
			buildActionMask = 2147483647;
			files = (
				E978FC58291EA43800F17A74 /* LightTests.swift in Sources */,
			);
			runOnlyForDeploymentPostprocessing = 0;
		};
		E978FC59291EA43800F17A74 /* Sources */ = {
			isa = PBXSourcesBuildPhase;
			buildActionMask = 2147483647;
			files = (
				E978FC62291EA43800F17A74 /* LightUITests.swift in Sources */,
				E978FC64291EA43800F17A74 /* LightUITestsLaunchTests.swift in Sources */,
			);
			runOnlyForDeploymentPostprocessing = 0;
		};
/* End PBXSourcesBuildPhase section */

/* Begin PBXTargetDependency section */
		E978FC55291EA43800F17A74 /* PBXTargetDependency */ = {
			isa = PBXTargetDependency;
			target = E978FC3C291EA43500F17A74 /* Light */;
			targetProxy = E978FC54291EA43800F17A74 /* PBXContainerItemProxy */;
		};
		E978FC5F291EA43800F17A74 /* PBXTargetDependency */ = {
			isa = PBXTargetDependency;
			target = E978FC3C291EA43500F17A74 /* Light */;
			targetProxy = E978FC5E291EA43800F17A74 /* PBXContainerItemProxy */;
		};
/* End PBXTargetDependency section */

/* Begin PBXVariantGroup section */
		E978FC46291EA43500F17A74 /* Main.storyboard */ = {
			isa = PBXVariantGroup;
			children = (
				E978FC47291EA43500F17A74 /* Base */,
			);
			name = Main.storyboard;
			sourceTree = "<group>";
		};
		E978FC4B291EA43800F17A74 /* LaunchScreen.storyboard */ = {
			isa = PBXVariantGroup;
			children = (
				E978FC4C291EA43800F17A74 /* Base */,
			);
			name = LaunchScreen.storyboard;
			sourceTree = "<group>";
		};
/* End PBXVariantGroup section */

/* Begin XCBuildConfiguration section */
		E978FC65291EA43800F17A74 /* Debug */ = {
			isa = XCBuildConfiguration;
			buildSettings = {
				ALWAYS_SEARCH_USER_PATHS = NO;
				CLANG_ANALYZER_NONNULL = YES;
				CLANG_ANALYZER_NUMBER_OBJECT_CONVERSION = YES_AGGRESSIVE;
				CLANG_CXX_LANGUAGE_STANDARD = "gnu++17";
				CLANG_ENABLE_MODULES = YES;
				CLANG_ENABLE_OBJC_ARC = YES;
				CLANG_ENABLE_OBJC_WEAK = YES;
				CLANG_WARN_BLOCK_CAPTURE_AUTORELEASING = YES;
				CLANG_WARN_BOOL_CONVERSION = YES;
				CLANG_WARN_COMMA = YES;
				CLANG_WARN_CONSTANT_CONVERSION = YES;
				CLANG_WARN_DEPRECATED_OBJC_IMPLEMENTATIONS = YES;
				CLANG_WARN_DIRECT_OBJC_ISA_USAGE = YES_ERROR;
				CLANG_WARN_DOCUMENTATION_COMMENTS = YES;
				CLANG_WARN_EMPTY_BODY = YES;
				CLANG_WARN_ENUM_CONVERSION = YES;
				CLANG_WARN_INFINITE_RECURSION = YES;
				CLANG_WARN_INT_CONVERSION = YES;
				CLANG_WARN_NON_LITERAL_NULL_CONVERSION = YES;
				CLANG_WARN_OBJC_IMPLICIT_RETAIN_SELF = YES;
				CLANG_WARN_OBJC_LITERAL_CONVERSION = YES;
				CLANG_WARN_OBJC_ROOT_CLASS = YES_ERROR;
				CLANG_WARN_QUOTED_INCLUDE_IN_FRAMEWORK_HEADER = YES;
				CLANG_WARN_RANGE_LOOP_ANALYSIS = YES;
				CLANG_WARN_STRICT_PROTOTYPES = YES;
				CLANG_WARN_SUSPICIOUS_MOVE = YES;
				CLANG_WARN_UNGUARDED_AVAILABILITY = YES_AGGRESSIVE;
				CLANG_WARN_UNREACHABLE_CODE = YES;
				CLANG_WARN__DUPLICATE_METHOD_MATCH = YES;
				COPY_PHASE_STRIP = NO;
				DEBUG_INFORMATION_FORMAT = dwarf;
				ENABLE_STRICT_OBJC_MSGSEND = YES;
				ENABLE_TESTABILITY = YES;
				GCC_C_LANGUAGE_STANDARD = gnu11;
				GCC_DYNAMIC_NO_PIC = NO;
				GCC_NO_COMMON_BLOCKS = YES;
				GCC_OPTIMIZATION_LEVEL = 0;
				GCC_PREPROCESSOR_DEFINITIONS = (
					"DEBUG=1",
					"$(inherited)",
				);
				GCC_WARN_64_TO_32_BIT_CONVERSION = YES;
				GCC_WARN_ABOUT_RETURN_TYPE = YES_ERROR;
				GCC_WARN_UNDECLARED_SELECTOR = YES;
				GCC_WARN_UNINITIALIZED_AUTOS = YES_AGGRESSIVE;
				GCC_WARN_UNUSED_FUNCTION = YES;
				GCC_WARN_UNUSED_VARIABLE = YES;
				IPHONEOS_DEPLOYMENT_TARGET = 15.5;
				MTL_ENABLE_DEBUG_INFO = INCLUDE_SOURCE;
				MTL_FAST_MATH = YES;
				ONLY_ACTIVE_ARCH = YES;
				SDKROOT = iphoneos;
				SWIFT_ACTIVE_COMPILATION_CONDITIONS = DEBUG;
				SWIFT_OPTIMIZATION_LEVEL = "-Onone";
			};
			name = Debug;
		};
		E978FC66291EA43800F17A74 /* Release */ = {
			isa = XCBuildConfiguration;
			buildSettings = {
				ALWAYS_SEARCH_USER_PATHS = NO;
				CLANG_ANALYZER_NONNULL = YES;
				CLANG_ANALYZER_NUMBER_OBJECT_CONVERSION = YES_AGGRESSIVE;
				CLANG_CXX_LANGUAGE_STANDARD = "gnu++17";
				CLANG_ENABLE_MODULES = YES;
				CLANG_ENABLE_OBJC_ARC = YES;
				CLANG_ENABLE_OBJC_WEAK = YES;
				CLANG_WARN_BLOCK_CAPTURE_AUTORELEASING = YES;
				CLANG_WARN_BOOL_CONVERSION = YES;
				CLANG_WARN_COMMA = YES;
				CLANG_WARN_CONSTANT_CONVERSION = YES;
				CLANG_WARN_DEPRECATED_OBJC_IMPLEMENTATIONS = YES;
				CLANG_WARN_DIRECT_OBJC_ISA_USAGE = YES_ERROR;
				CLANG_WARN_DOCUMENTATION_COMMENTS = YES;
				CLANG_WARN_EMPTY_BODY = YES;
				CLANG_WARN_ENUM_CONVERSION = YES;
				CLANG_WARN_INFINITE_RECURSION = YES;
				CLANG_WARN_INT_CONVERSION = YES;
				CLANG_WARN_NON_LITERAL_NULL_CONVERSION = YES;
				CLANG_WARN_OBJC_IMPLICIT_RETAIN_SELF = YES;
				CLANG_WARN_OBJC_LITERAL_CONVERSION = YES;
				CLANG_WARN_OBJC_ROOT_CLASS = YES_ERROR;
				CLANG_WARN_QUOTED_INCLUDE_IN_FRAMEWORK_HEADER = YES;
				CLANG_WARN_RANGE_LOOP_ANALYSIS = YES;
				CLANG_WARN_STRICT_PROTOTYPES = YES;
				CLANG_WARN_SUSPICIOUS_MOVE = YES;
				CLANG_WARN_UNGUARDED_AVAILABILITY = YES_AGGRESSIVE;
				CLANG_WARN_UNREACHABLE_CODE = YES;
				CLANG_WARN__DUPLICATE_METHOD_MATCH = YES;
				COPY_PHASE_STRIP = NO;
				DEBUG_INFORMATION_FORMAT = "dwarf-with-dsym";
				ENABLE_NS_ASSERTIONS = NO;
				ENABLE_STRICT_OBJC_MSGSEND = YES;
				GCC_C_LANGUAGE_STANDARD = gnu11;
				GCC_NO_COMMON_BLOCKS = YES;
				GCC_WARN_64_TO_32_BIT_CONVERSION = YES;
				GCC_WARN_ABOUT_RETURN_TYPE = YES_ERROR;
				GCC_WARN_UNDECLARED_SELECTOR = YES;
				GCC_WARN_UNINITIALIZED_AUTOS = YES_AGGRESSIVE;
				GCC_WARN_UNUSED_FUNCTION = YES;
				GCC_WARN_UNUSED_VARIABLE = YES;
				IPHONEOS_DEPLOYMENT_TARGET = 15.5;
				MTL_ENABLE_DEBUG_INFO = NO;
				MTL_FAST_MATH = YES;
				SDKROOT = iphoneos;
				SWIFT_COMPILATION_MODE = wholemodule;
				SWIFT_OPTIMIZATION_LEVEL = "-O";
				VALIDATE_PRODUCT = YES;
			};
			name = Release;
		};
		E978FC68291EA43800F17A74 /* Debug */ = {
			isa = XCBuildConfiguration;
			buildSettings = {
				ASSETCATALOG_COMPILER_APPICON_NAME = AppIcon;
				ASSETCATALOG_COMPILER_GLOBAL_ACCENT_COLOR_NAME = AccentColor;
				CODE_SIGN_STYLE = Automatic;
				CURRENT_PROJECT_VERSION = 1;
				GENERATE_INFOPLIST_FILE = YES;
				INFOPLIST_FILE = Light/Info.plist;
				INFOPLIST_KEY_UIApplicationSupportsIndirectInputEvents = YES;
				INFOPLIST_KEY_UILaunchStoryboardName = LaunchScreen;
				INFOPLIST_KEY_UIMainStoryboardFile = Main;
				INFOPLIST_KEY_UISupportedInterfaceOrientations_iPad = "UIInterfaceOrientationPortrait UIInterfaceOrientationPortraitUpsideDown UIInterfaceOrientationLandscapeLeft UIInterfaceOrientationLandscapeRight";
				INFOPLIST_KEY_UISupportedInterfaceOrientations_iPhone = "UIInterfaceOrientationPortrait UIInterfaceOrientationLandscapeLeft UIInterfaceOrientationLandscapeRight";
				LD_RUNPATH_SEARCH_PATHS = (
					"$(inherited)",
					"@executable_path/Frameworks",
				);
				MARKETING_VERSION = 1.0;
				PRODUCT_BUNDLE_IDENTIFIER = test.Light;
				PRODUCT_NAME = "$(TARGET_NAME)";
				SWIFT_EMIT_LOC_STRINGS = YES;
				SWIFT_VERSION = 5.0;
				TARGETED_DEVICE_FAMILY = "1,2";
			};
			name = Debug;
		};
		E978FC69291EA43800F17A74 /* Release */ = {
			isa = XCBuildConfiguration;
			buildSettings = {
				ASSETCATALOG_COMPILER_APPICON_NAME = AppIcon;
				ASSETCATALOG_COMPILER_GLOBAL_ACCENT_COLOR_NAME = AccentColor;
				CODE_SIGN_STYLE = Automatic;
				CURRENT_PROJECT_VERSION = 1;
				GENERATE_INFOPLIST_FILE = YES;
				INFOPLIST_FILE = Light/Info.plist;
				INFOPLIST_KEY_UIApplicationSupportsIndirectInputEvents = YES;
				INFOPLIST_KEY_UILaunchStoryboardName = LaunchScreen;
				INFOPLIST_KEY_UIMainStoryboardFile = Main;
				INFOPLIST_KEY_UISupportedInterfaceOrientations_iPad = "UIInterfaceOrientationPortrait UIInterfaceOrientationPortraitUpsideDown UIInterfaceOrientationLandscapeLeft UIInterfaceOrientationLandscapeRight";
				INFOPLIST_KEY_UISupportedInterfaceOrientations_iPhone = "UIInterfaceOrientationPortrait UIInterfaceOrientationLandscapeLeft UIInterfaceOrientationLandscapeRight";
				LD_RUNPATH_SEARCH_PATHS = (
					"$(inherited)",
					"@executable_path/Frameworks",
				);
				MARKETING_VERSION = 1.0;
				PRODUCT_BUNDLE_IDENTIFIER = test.Light;
				PRODUCT_NAME = "$(TARGET_NAME)";
				SWIFT_EMIT_LOC_STRINGS = YES;
				SWIFT_VERSION = 5.0;
				TARGETED_DEVICE_FAMILY = "1,2";
			};
			name = Release;
		};
		E978FC6B291EA43800F17A74 /* Debug */ = {
			isa = XCBuildConfiguration;
			buildSettings = {
				ALWAYS_EMBED_SWIFT_STANDARD_LIBRARIES = YES;
				BUNDLE_LOADER = "$(TEST_HOST)";
				CODE_SIGN_STYLE = Automatic;
				CURRENT_PROJECT_VERSION = 1;
				GENERATE_INFOPLIST_FILE = YES;
				IPHONEOS_DEPLOYMENT_TARGET = 15.5;
				MARKETING_VERSION = 1.0;
				PRODUCT_BUNDLE_IDENTIFIER = test.LightTests;
				PRODUCT_NAME = "$(TARGET_NAME)";
				SWIFT_EMIT_LOC_STRINGS = NO;
				SWIFT_VERSION = 5.0;
				TARGETED_DEVICE_FAMILY = "1,2";
				TEST_HOST = "$(BUILT_PRODUCTS_DIR)/Light.app/Light";
			};
			name = Debug;
		};
		E978FC6C291EA43800F17A74 /* Release */ = {
			isa = XCBuildConfiguration;
			buildSettings = {
				ALWAYS_EMBED_SWIFT_STANDARD_LIBRARIES = YES;
				BUNDLE_LOADER = "$(TEST_HOST)";
				CODE_SIGN_STYLE = Automatic;
				CURRENT_PROJECT_VERSION = 1;
				GENERATE_INFOPLIST_FILE = YES;
				IPHONEOS_DEPLOYMENT_TARGET = 15.5;
				MARKETING_VERSION = 1.0;
				PRODUCT_BUNDLE_IDENTIFIER = test.LightTests;
				PRODUCT_NAME = "$(TARGET_NAME)";
				SWIFT_EMIT_LOC_STRINGS = NO;
				SWIFT_VERSION = 5.0;
				TARGETED_DEVICE_FAMILY = "1,2";
				TEST_HOST = "$(BUILT_PRODUCTS_DIR)/Light.app/Light";
			};
			name = Release;
		};
		E978FC6E291EA43800F17A74 /* Debug */ = {
			isa = XCBuildConfiguration;
			buildSettings = {
				ALWAYS_EMBED_SWIFT_STANDARD_LIBRARIES = YES;
				CODE_SIGN_STYLE = Automatic;
				CURRENT_PROJECT_VERSION = 1;
				GENERATE_INFOPLIST_FILE = YES;
				MARKETING_VERSION = 1.0;
				PRODUCT_BUNDLE_IDENTIFIER = test.LightUITests;
				PRODUCT_NAME = "$(TARGET_NAME)";
				SWIFT_EMIT_LOC_STRINGS = NO;
				SWIFT_VERSION = 5.0;
				TARGETED_DEVICE_FAMILY = "1,2";
				TEST_TARGET_NAME = Light;
			};
			name = Debug;
		};
		E978FC6F291EA43800F17A74 /* Release */ = {
			isa = XCBuildConfiguration;
			buildSettings = {
				ALWAYS_EMBED_SWIFT_STANDARD_LIBRARIES = YES;
				CODE_SIGN_STYLE = Automatic;
				CURRENT_PROJECT_VERSION = 1;
				GENERATE_INFOPLIST_FILE = YES;
				MARKETING_VERSION = 1.0;
				PRODUCT_BUNDLE_IDENTIFIER = test.LightUITests;
				PRODUCT_NAME = "$(TARGET_NAME)";
				SWIFT_EMIT_LOC_STRINGS = NO;
				SWIFT_VERSION = 5.0;
				TARGETED_DEVICE_FAMILY = "1,2";
				TEST_TARGET_NAME = Light;
			};
			name = Release;
		};
/* End XCBuildConfiguration section */

/* Begin XCConfigurationList section */
		E978FC38291EA43500F17A74 /* Build configuration list for PBXProject "Light" */ = {
			isa = XCConfigurationList;
			buildConfigurations = (
				E978FC65291EA43800F17A74 /* Debug */,
				E978FC66291EA43800F17A74 /* Release */,
			);
			defaultConfigurationIsVisible = 0;
			defaultConfigurationName = Release;
		};
		E978FC67291EA43800F17A74 /* Build configuration list for PBXNativeTarget "Light" */ = {
			isa = XCConfigurationList;
			buildConfigurations = (
				E978FC68291EA43800F17A74 /* Debug */,
				E978FC69291EA43800F17A74 /* Release */,
			);
			defaultConfigurationIsVisible = 0;
			defaultConfigurationName = Release;
		};
		E978FC6A291EA43800F17A74 /* Build configuration list for PBXNativeTarget "LightTests" */ = {
			isa = XCConfigurationList;
			buildConfigurations = (
				E978FC6B291EA43800F17A74 /* Debug */,
				E978FC6C291EA43800F17A74 /* Release */,
			);
			defaultConfigurationIsVisible = 0;
			defaultConfigurationName = Release;
		};
		E978FC6D291EA43800F17A74 /* Build configuration list for PBXNativeTarget "LightUITests" */ = {
			isa = XCConfigurationList;
			buildConfigurations = (
				E978FC6E291EA43800F17A74 /* Debug */,
				E978FC6F291EA43800F17A74 /* Release */,
			);
			defaultConfigurationIsVisible = 0;
			defaultConfigurationName = Release;
		};
/* End XCConfigurationList section */
	};
	rootObject = E978FC35291EA43500F17A74 /* Project object */;
}
